
Microsoft Visual Studio Solution File, Format Version 12.00
# Visual Studio Version 16
VisualStudioVersion = 16.0.31729.503
MinimumVisualStudioVersion = 10.0.40219.1
Project("{FAE04EC0-301F-11D3-BF4B-00C04F79EFBC}") = "DiscordRPC", "DiscordRPC\DiscordRPC.csproj", "{362F2F23-462F-45A9-B3E1-E092F2FC020B}"
EndProject
Global
	GlobalSection(SolutionConfigurationPlatforms) = preSolution
		Debug|Any CPU = Debug|Any CPU
		Release|Any CPU = Release|Any CPU
	EndGlobalSection
	GlobalSection(ProjectConfigurationPlatforms) = postSolution
		{362F2F23-462F-45A9-B3E1-E092F2FC020B}.Debug|Any CPU.ActiveCfg = Debug|Any CPU
		{362F2F23-462F-45A9-B3E1-E092F2FC020B}.Debug|Any CPU.Build.0 = Debug|Any CPU
		{362F2F23-462F-45A9-B3E1-E092F2FC020B}.Release|Any CPU.ActiveCfg = Release|Any CPU
		{362F2F23-462F-45A9-B3E1-E092F2FC020B}.Release|Any CPU.Build.0 = Release|Any CPU
	EndGlobalSection
	GlobalSection(SolutionProperties) = preSolution
		HideSolutionNode = FALSE
	EndGlobalSection
	GlobalSection(ExtensibilityGlobals) = postSolution
		SolutionGuid = {27EA4588-D344-4B6F-A633-39E4C7763E21}
	EndGlobalSection
EndGlobal
