
Microsoft Visual Studio Solution File, Format Version 12.00
# Visual Studio Version 16
VisualStudioVersion = 16.0.31105.61
MinimumVisualStudioVersion = 10.0.40219.1
Project("{FAE04EC0-301F-11D3-BF4B-00C04F79EFBC}") = "RPC", "RPC\RPC.csproj", "{B1C4E1CB-55FF-4C69-8913-A69E52CEF07C}"
EndProject
Global
	GlobalSection(SolutionConfigurationPlatforms) = preSolution
		Debug|Any CPU = Debug|Any CPU
		Release|Any CPU = Release|Any CPU
	EndGlobalSection
	GlobalSection(ProjectConfigurationPlatforms) = postSolution
		{B1C4E1CB-55FF-4C69-8913-A69E52CEF07C}.Debug|Any CPU.ActiveCfg = Debug|Any CPU
		{B1C4E1CB-55FF-4C69-8913-A69E52CEF07C}.Debug|Any CPU.Build.0 = Debug|Any CPU
		{B1C4E1CB-55FF-4C69-8913-A69E52CEF07C}.Release|Any CPU.ActiveCfg = Release|Any CPU
		{B1C4E1CB-55FF-4C69-8913-A69E52CEF07C}.Release|Any CPU.Build.0 = Release|Any CPU
	EndGlobalSection
	GlobalSection(SolutionProperties) = preSolution
		HideSolutionNode = FALSE
	EndGlobalSection
	GlobalSection(ExtensibilityGlobals) = postSolution
		SolutionGuid = {6C6CC524-4903-4FF0-ABA6-C8A36DD6EA67}
	EndGlobalSection
EndGlobal
